lockfileVersion: '6.0'

settings:
  autoInstallPeers: true
  excludeLinksFromLockfile: false

importers:

  .:
    dependencies:
      '@minu/channels-core':
        specifier: link:../../packages/core
        version: link:../../packages/core
      '@minu/channels-relay':
        specifier: link:../../packages/relay
        version: link:../../packages/relay
      '@minu/channels-storage-drizzle':
        specifier: link:../../packages/storage-drizzle
        version: link:../../packages/storage-drizzle
      '@minu/runtime-core':
        specifier: link:../../../runtime/packages/core
        version: link:../../../runtime/packages/core
      '@minu/runtime-pi':
        specifier: link:../../../runtime/packages/pi
        version: link:../../../runtime/packages/pi
      commander:
        specifier: ^15.0.0
        version: 15.0.0
    devDependencies:
      '@types/node':
        specifier: ^24.0.0
        version: 24.13.3
      typescript:
        specifier: ^5.9.0
        version: 5.9.3

packages:

  /@types/node@24.13.3:
    resolution: {integrity: sha512-Dh8vAsV36ig5wa9OX4pXvMc9D3Veibfw2wix0CUwYODLD8nkj9UsLjASr49nPg+2eKzxhBV+v7L8pXvT4e639Q==}
    dependencies:
      undici-types: 7.18.2
    dev: true

  /commander@15.0.0:
    resolution: {integrity: sha512-z67u4ZhzCL/Tydu1lJARtEZYWbWaN7oYLHbsuzocr6y4N6WZAagG3RQ4FW61V1/0+jImpj293XfrcYnd1qxtPg==}
    engines: {node: '>=22.12.0'}
    dev: false

  /typescript@5.9.3:
    resolution: {integrity: sha512-jl1vZzPDinLr9eUt3J/t7V6FgNEw9QjvBPdysz9KfQDD41fQrC2Y4vKQdiaUpFT4bXlb1RHhLpp8wtm6M5TgSw==}
    engines: {node: '>=14.17'}
    hasBin: true
    dev: true

  /undici-types@7.18.2:
    resolution: {integrity: sha512-AsuCzffGHJybSaRrmr5eHr81mwJU3kjw6M+uprWvCXiNeN9SOGwQ3Jn8jb8m3Z6izVgknn1R0FTCEAP2QrLY/w==}
    dev: true
